// !$*UTF8*$!
{
	archiveVersion = 1;
	classes = {
	};
	objectVersion = 55;
	objects = {

/* Begin PBXBuildFile section */
		702E06CA2873756E00DC326C /* FeedCell.swift in Sources */ = {isa = PBXBuildFile; fileRef = 702E06C92873756E00DC326C /* FeedCell.swift */; };
		702E06CC287376E700DC326C /* Extensions.swift in Sources */ = {isa = PBXBuildFile; fileRef = 702E06CB287376E700DC326C /* Extensions.swift */; };
		704E03CF282192F800CCAFFB /* AppDelegate.swift in Sources */ = {isa = PBXBuildFile; fileRef = 704E03CE282192F800CCAFFB /* AppDelegate.swift */; };
		704E03D1282192F800CCAFFB /* SceneDelegate.swift in Sources */ = {isa = PBXBuildFile; fileRef = 704E03D0282192F800CCAFFB /* SceneDelegate.swift */; };
		704E03D3282192F800CCAFFB /* ViewController.swift in Sources */ = {isa = PBXBuildFile; fileRef = 704E03D2282192F800CCAFFB /* ViewController.swift */; };
		704E03D6282192F800CCAFFB /* Main.storyboard in Resources */ = {isa = PBXBuildFile; fileRef = 704E03D4282192F800CCAFFB /* Main.storyboard */; };
		704E03D8282192F900CCAFFB /* Assets.xcassets in Resources */ = {isa = PBXBuildFile; fileRef = 704E03D7282192F900CCAFFB /* Assets.xcassets */; };
		704E03DB282192F900CCAFFB /* LaunchScreen.storyboard in Resources */ = {isa = PBXBuildFile; fileRef = 704E03D9282192F900CCAFFB /* LaunchScreen.storyboard */; };
		707ABF2A288843F900643024 /* LoginController.swift in Sources */ = {isa = PBXBuildFile; fileRef = 707ABF29288843F900643024 /* LoginController.swift */; };
		707ABF2C2888440200643024 /* RegistrationController.swift in Sources */ = {isa = PBXBuildFile; fileRef = 707ABF2B2888440200643024 /* RegistrationController.swift */; };
		709CA329288955A900935C28 /* CustomTextField.swift in Sources */ = {isa = PBXBuildFile; fileRef = 709CA328288955A900935C28 /* CustomTextField.swift */; };
		709CA32B28899E9300935C28 /* AuthenticationViewModel.swift in Sources */ = {isa = PBXBuildFile; fileRef = 709CA32A28899E9200935C28 /* AuthenticationViewModel.swift */; };
		709CA32D2889E3D000935C28 /* GoogleService-Info.plist in Resources */ = {isa = PBXBuildFile; fileRef = 709CA32C2889E3D000935C28 /* GoogleService-Info.plist */; };
		70A221122826665F00652F27 /* TestController.swift in Sources */ = {isa = PBXBuildFile; fileRef = 70A221112826665F00652F27 /* TestController.swift */; };
		70D0B9CD282475D300DF502A /* MainTabController.swift in Sources */ = {isa = PBXBuildFile; fileRef = 70D0B9CC282475D300DF502A /* MainTabController.swift */; };
		70D0B9CF282477E800DF502A /* FeedController.swift in Sources */ = {isa = PBXBuildFile; fileRef = 70D0B9CE282477E800DF502A /* FeedController.swift */; };
		70D0B9D1282477F600DF502A /* SearchController.swift in Sources */ = {isa = PBXBuildFile; fileRef = 70D0B9D0282477F600DF502A /* SearchController.swift */; };
		70D0B9D32824780700DF502A /* ImageSelectorController.swift in Sources */ = {isa = PBXBuildFile; fileRef = 70D0B9D22824780700DF502A /* ImageSelectorController.swift */; };
		70D0B9D52824781500DF502A /* ProfileController.swift in Sources */ = {isa = PBXBuildFile; fileRef = 70D0B9D42824781500DF502A /* ProfileController.swift */; };
		70D0B9D72824783D00DF502A /* NotificationController.swift in Sources */ = {isa = PBXBuildFile; fileRef = 70D0B9D62824783D00DF502A /* NotificationController.swift */; };
/* End PBXBuildFile section */

/* Begin PBXFileReference section */
		702E06C92873756E00DC326C /* FeedCell.swift */ = {isa = PBXFileReference; lastKnownFileType = sourcecode.swift; path = FeedCell.swift; sourceTree = "<group>"; };
		702E06CB287376E700DC326C /* Extensions.swift */ = {isa = PBXFileReference; lastKnownFileType = sourcecode.swift; path = Extensions.swift; sourceTree = "<group>"; };
		704E03CB282192F800CCAFFB /* InstagramFirestore.app */ = {isa = PBXFileReference; explicitFileType = wrapper.application; includeInIndex = 0; path = InstagramFirestore.app; sourceTree = BUILT_PRODUCTS_DIR; };
		704E03CE282192F800CCAFFB /* AppDelegate.swift */ = {isa = PBXFileReference; lastKnownFileType = sourcecode.swift; path = AppDelegate.swift; sourceTree = "<group>"; };
		704E03D0282192F800CCAFFB /* SceneDelegate.swift */ = {isa = PBXFileReference; lastKnownFileType = sourcecode.swift; path = SceneDelegate.swift; sourceTree = "<group>"; };
		704E03D2282192F800CCAFFB /* ViewController.swift */ = {isa = PBXFileReference; lastKnownFileType = sourcecode.swift; path = ViewController.swift; sourceTree = "<group>"; };
		704E03D5282192F800CCAFFB /* Base */ = {isa = PBXFileReference; lastKnownFileType = file.storyboard; name = Base; path = Base.lproj/Main.storyboard; sourceTree = "<group>"; };
		704E03D7282192F900CCAFFB /* Assets.xcassets */ = {isa = PBXFileReference; lastKnownFileType = folder.assetcatalog; path = Assets.xcassets; sourceTree = "<group>"; };
		704E03DA282192F900CCAFFB /* Base */ = {isa = PBXFileReference; lastKnownFileType = file.storyboard; name = Base; path = Base.lproj/LaunchScreen.storyboard; sourceTree = "<group>"; };
		704E03DC282192F900CCAFFB /* Info.plist */ = {isa = PBXFileReference; lastKnownFileType = text.plist.xml; path = Info.plist; sourceTree = "<group>"; };
		707ABF29288843F900643024 /* LoginController.swift */ = {isa = PBXFileReference; lastKnownFileType = sourcecode.swift; path = LoginController.swift; sourceTree = "<group>"; };
		707ABF2B2888440200643024 /* RegistrationController.swift */ = {isa = PBXFileReference; lastKnownFileType = sourcecode.swift; path = RegistrationController.swift; sourceTree = "<group>"; };
		709CA328288955A900935C28 /* CustomTextField.swift */ = {isa = PBXFileReference; lastKnownFileType = sourcecode.swift; path = CustomTextField.swift; sourceTree = "<group>"; };
		709CA32A28899E9200935C28 /* AuthenticationViewModel.swift */ = {isa = PBXFileReference; lastKnownFileType = sourcecode.swift; path = AuthenticationViewModel.swift; sourceTree = "<group>"; };
		709CA32C2889E3D000935C28 /* GoogleService-Info.plist */ = {isa = PBXFileReference; lastKnownFileType = text.plist; path = "GoogleService-Info.plist"; sourceTree = SOURCE_ROOT; };
		70A221112826665F00652F27 /* TestController.swift */ = {isa = PBXFileReference; lastKnownFileType = sourcecode.swift; path = TestController.swift; sourceTree = "<group>"; };
		70D0B9CC282475D300DF502A /* MainTabController.swift */ = {isa = PBXFileReference; lastKnownFileType = sourcecode.swift; path = MainTabController.swift; sourceTree = "<group>"; };
		70D0B9CE282477E800DF502A /* FeedController.swift */ = {isa = PBXFileReference; lastKnownFileType = sourcecode.swift; path = FeedController.swift; sourceTree = "<group>"; };
		70D0B9D0282477F600DF502A /* SearchController.swift */ = {isa = PBXFileReference; lastKnownFileType = sourcecode.swift; path = SearchController.swift; sourceTree = "<group>"; };
		70D0B9D22824780700DF502A /* ImageSelectorController.swift */ = {isa = PBXFileReference; lastKnownFileType = sourcecode.swift; path = ImageSelectorController.swift; sourceTree = "<group>"; };
		70D0B9D42824781500DF502A /* ProfileController.swift */ = {isa = PBXFileReference; lastKnownFileType = sourcecode.swift; path = ProfileController.swift; sourceTree = "<group>"; };
		70D0B9D62824783D00DF502A /* NotificationController.swift */ = {isa = PBXFileReference; lastKnownFileType = sourcecode.swift; path = NotificationController.swift; sourceTree = "<group>"; };
/* End PBXFileReference section */

/* Begin PBXFrameworksBuildPhase section */
		704E03C8282192F800CCAFFB /* Frameworks */ = {
			isa = PBXFrameworksBuildPhase;
			buildActionMask = 2147483647;
			files = (
			);
			runOnlyForDeploymentPostprocessing = 0;
		};
/* End PBXFrameworksBuildPhase section */

/* Begin PBXGroup section */
		704E03C2282192F800CCAFFB = {
			isa = PBXGroup;
			children = (
				704E03CD282192F800CCAFFB /* InstagramFirestore */,
				704E03CC282192F800CCAFFB /* Products */,
			);
			sourceTree = "<group>";
		};
		704E03CC282192F800CCAFFB /* Products */ = {
			isa = PBXGroup;
			children = (
				704E03CB282192F800CCAFFB /* InstagramFirestore.app */,
			);
			name = Products;
			sourceTree = "<group>";
		};
		704E03CD282192F800CCAFFB /* InstagramFirestore */ = {
			isa = PBXGroup;
			children = (
				70D0B9CB282473DE00DF502A /* Model */,
				70D0B9CA282473DC00DF502A /* View */,
				70D0B9C9282473DA00DF502A /* ViewModel */,
				70D0B9C5282473CC00DF502A /* Controller */,
				70D0B9C8282473D800DF502A /* API */,
				70D0B9C4282473C100DF502A /* Utilities */,
				704E03CE282192F800CCAFFB /* AppDelegate.swift */,
				704E03D0282192F800CCAFFB /* SceneDelegate.swift */,
				704E03D2282192F800CCAFFB /* ViewController.swift */,
				704E03D4282192F800CCAFFB /* Main.storyboard */,
				704E03D7282192F900CCAFFB /* Assets.xcassets */,
				704E03D9282192F900CCAFFB /* LaunchScreen.storyboard */,
				704E03DC282192F900CCAFFB /* Info.plist */,
				709CA32C2889E3D000935C28 /* GoogleService-Info.plist */,
			);
			path = InstagramFirestore;
			sourceTree = "<group>";
		};
		707ABF28288843E400643024 /* Authentication */ = {
			isa = PBXGroup;
			children = (
				707ABF29288843F900643024 /* LoginController.swift */,
				707ABF2B2888440200643024 /* RegistrationController.swift */,
			);
			path = Authentication;
			sourceTree = "<group>";
		};
		70D0B9C4282473C100DF502A /* Utilities */ = {
			isa = PBXGroup;
			children = (
				702E06CB287376E700DC326C /* Extensions.swift */,
			);
			path = Utilities;
			sourceTree = "<group>";
		};
		70D0B9C5282473CC00DF502A /* Controller */ = {
			isa = PBXGroup;
			children = (
				707ABF28288843E400643024 /* Authentication */,
				70D0B9CC282475D300DF502A /* MainTabController.swift */,
				70D0B9CE282477E800DF502A /* FeedController.swift */,
				70D0B9D0282477F600DF502A /* SearchController.swift */,
				70D0B9D22824780700DF502A /* ImageSelectorController.swift */,
				70D0B9D42824781500DF502A /* ProfileController.swift */,
				70D0B9D62824783D00DF502A /* NotificationController.swift */,
				70A221112826665F00652F27 /* TestController.swift */,
			);
			path = Controller;
			sourceTree = "<group>";
		};
		70D0B9C8282473D800DF502A /* API */ = {
			isa = PBXGroup;
			children = (
			);
			path = API;
			sourceTree = "<group>";
		};
		70D0B9C9282473DA00DF502A /* ViewModel */ = {
			isa = PBXGroup;
			children = (
				709CA32A28899E9200935C28 /* AuthenticationViewModel.swift */,
			);
			path = ViewModel;
			sourceTree = "<group>";
		};
		70D0B9CA282473DC00DF502A /* View */ = {
			isa = PBXGroup;
			children = (
				702E06C92873756E00DC326C /* FeedCell.swift */,
				709CA328288955A900935C28 /* CustomTextField.swift */,
			);
			path = View;
			sourceTree = "<group>";
		};
		70D0B9CB282473DE00DF502A /* Model */ = {
			isa = PBXGroup;
			children = (
			);
			path = Model;
			sourceTree = "<group>";
		};
/* End PBXGroup section */

/* Begin PBXNativeTarget section */
		704E03CA282192F800CCAFFB /* InstagramFirestore */ = {
			isa = PBXNativeTarget;
			buildConfigurationList = 704E03DF282192F900CCAFFB /* Build configuration list for PBXNativeTarget "InstagramFirestore" */;
			buildPhases = (
				704E03C7282192F800CCAFFB /* Sources */,
				704E03C8282192F800CCAFFB /* Frameworks */,
				704E03C9282192F800CCAFFB /* Resources */,
			);
			buildRules = (
			);
			dependencies = (
			);
			name = InstagramFirestore;
			productName = InstagramFirestore;
			productReference = 704E03CB282192F800CCAFFB /* InstagramFirestore.app */;
			productType = "com.apple.product-type.application";
		};
/* End PBXNativeTarget section */

/* Begin PBXProject section */
		704E03C3282192F800CCAFFB /* Project object */ = {
			isa = PBXProject;
			attributes = {
				BuildIndependentTargetsInParallel = 1;
				LastSwiftUpdateCheck = 1320;
				LastUpgradeCheck = 1320;
				TargetAttributes = {
					704E03CA282192F800CCAFFB = {
						CreatedOnToolsVersion = 13.2.1;
					};
				};
			};
			buildConfigurationList = 704E03C6282192F800CCAFFB /* Build configuration list for PBXProject "InstagramFirestore" */;
			compatibilityVersion = "Xcode 13.0";
			developmentRegion = en;
			hasScannedForEncodings = 0;
			knownRegions = (
				en,
				Base,
			);
			mainGroup = 704E03C2282192F800CCAFFB;
			productRefGroup = 704E03CC282192F800CCAFFB /* Products */;
			projectDirPath = "";
			projectRoot = "";
			targets = (
				704E03CA282192F800CCAFFB /* InstagramFirestore */,
			);
		};
/* End PBXProject section */

/* Begin PBXResourcesBuildPhase section */
		704E03C9282192F800CCAFFB /* Resources */ = {
			isa = PBXResourcesBuildPhase;
			buildActionMask = 2147483647;
			files = (
				704E03DB282192F900CCAFFB /* LaunchScreen.storyboard in Resources */,
				709CA32D2889E3D000935C28 /* GoogleService-Info.plist in Resources */,
				704E03D8282192F900CCAFFB /* Assets.xcassets in Resources */,
				704E03D6282192F800CCAFFB /* Main.storyboard in Resources */,
			);
			runOnlyForDeploymentPostprocessing = 0;
		};
/* End PBXResourcesBuildPhase section */

/* Begin PBXSourcesBuildPhase section */
		704E03C7282192F800CCAFFB /* Sources */ = {
			isa = PBXSourcesBuildPhase;
			buildActionMask = 2147483647;
			files = (
				707ABF2C2888440200643024 /* RegistrationController.swift in Sources */,
				704E03D3282192F800CCAFFB /* ViewController.swift in Sources */,
				70D0B9D32824780700DF502A /* ImageSelectorController.swift in Sources */,
				70D0B9D1282477F600DF502A /* SearchController.swift in Sources */,
				709CA32B28899E9300935C28 /* AuthenticationViewModel.swift in Sources */,
				707ABF2A288843F900643024 /* LoginController.swift in Sources */,
				704E03CF282192F800CCAFFB /* AppDelegate.swift in Sources */,
				702E06CA2873756E00DC326C /* FeedCell.swift in Sources */,
				70D0B9CF282477E800DF502A /* FeedController.swift in Sources */,
				70A221122826665F00652F27 /* TestController.swift in Sources */,
				70D0B9CD282475D300DF502A /* MainTabController.swift in Sources */,
				702E06CC287376E700DC326C /* Extensions.swift in Sources */,
				70D0B9D72824783D00DF502A /* NotificationController.swift in Sources */,
				704E03D1282192F800CCAFFB /* SceneDelegate.swift in Sources */,
				70D0B9D52824781500DF502A /* ProfileController.swift in Sources */,
				709CA329288955A900935C28 /* CustomTextField.swift in Sources */,
			);
			runOnlyForDeploymentPostprocessing = 0;
		};
/* End PBXSourcesBuildPhase section */

/* Begin PBXVariantGroup section */
		704E03D4282192F800CCAFFB /* Main.storyboard */ = {
			isa = PBXVariantGroup;
			children = (
				704E03D5282192F800CCAFFB /* Base */,
			);
			name = Main.storyboard;
			sourceTree = "<group>";
		};
		704E03D9282192F900CCAFFB /* LaunchScreen.storyboard */ = {
			isa = PBXVariantGroup;
			children = (
				704E03DA282192F900CCAFFB /* Base */,
			);
			name = LaunchScreen.storyboard;
			sourceTree = "<group>";
		};
/* End PBXVariantGroup section */

/* Begin XCBuildConfiguration section */
		704E03DD282192F900CCAFFB /* Debug */ = {
			isa = XCBuildConfiguration;
			buildSettings = {
				ALWAYS_SEARCH_USER_PATHS = NO;
				CLANG_ANALYZER_NONNULL = YES;
				CLANG_ANALYZER_NUMBER_OBJECT_CONVERSION = YES_AGGRESSIVE;
				CLANG_CXX_LANGUAGE_STANDARD = "gnu++17";
				CLANG_CXX_LIBRARY = "libc++";
				CLANG_ENABLE_MODULES = YES;
				CLANG_ENABLE_OBJC_ARC = YES;
				CLANG_ENABLE_OBJC_WEAK = YES;
				CLANG_WARN_BLOCK_CAPTURE_AUTORELEASING = YES;
				CLANG_WARN_BOOL_CONVERSION = YES;
				CLANG_WARN_COMMA = YES;
				CLANG_WARN_CONSTANT_CONVERSION = YES;
				CLANG_WARN_DEPRECATED_OBJC_IMPLEMENTATIONS = YES;
				CLANG_WARN_DIRECT_OBJC_ISA_USAGE = YES_ERROR;
				CLANG_WARN_DOCUMENTATION_COMMENTS = YES;
				CLANG_WARN_EMPTY_BODY = YES;
				CLANG_WARN_ENUM_CONVERSION = YES;
				CLANG_WARN_INFINITE_RECURSION = YES;
				CLANG_WARN_INT_CONVERSION = YES;
				CLANG_WARN_NON_LITERAL_NULL_CONVERSION = YES;
				CLANG_WARN_OBJC_IMPLICIT_RETAIN_SELF = YES;
				CLANG_WARN_OBJC_LITERAL_CONVERSION = YES;
				CLANG_WARN_OBJC_ROOT_CLASS = YES_ERROR;
				CLANG_WARN_QUOTED_INCLUDE_IN_FRAMEWORK_HEADER = YES;
				CLANG_WARN_RANGE_LOOP_ANALYSIS = YES;
				CLANG_WARN_STRICT_PROTOTYPES = YES;
				CLANG_WARN_SUSPICIOUS_MOVE = YES;
				CLANG_WARN_UNGUARDED_AVAILABILITY = YES_AGGRESSIVE;
				CLANG_WARN_UNREACHABLE_CODE = YES;
				CLANG_WARN__DUPLICATE_METHOD_MATCH = YES;
				COPY_PHASE_STRIP = NO;
				DEBUG_INFORMATION_FORMAT = dwarf;
				ENABLE_STRICT_OBJC_MSGSEND = YES;
				ENABLE_TESTABILITY = YES;
				GCC_C_LANGUAGE_STANDARD = gnu11;
				GCC_DYNAMIC_NO_PIC = NO;
				GCC_NO_COMMON_BLOCKS = YES;
				GCC_OPTIMIZATION_LEVEL = 0;
				GCC_PREPROCESSOR_DEFINITIONS = (
					"DEBUG=1",
					"$(inherited)",
				);
				GCC_WARN_64_TO_32_BIT_CONVERSION = YES;
				GCC_WARN_ABOUT_RETURN_TYPE = YES_ERROR;
				GCC_WARN_UNDECLARED_SELECTOR = YES;
				GCC_WARN_UNINITIALIZED_AUTOS = YES_AGGRESSIVE;
				GCC_WARN_UNUSED_FUNCTION = YES;
				GCC_WARN_UNUSED_VARIABLE = YES;
				IPHONEOS_DEPLOYMENT_TARGET = 15.2;
				MTL_ENABLE_DEBUG_INFO = INCLUDE_SOURCE;
				MTL_FAST_MATH = YES;
				ONLY_ACTIVE_ARCH = YES;
				SDKROOT = iphoneos;
				SWIFT_ACTIVE_COMPILATION_CONDITIONS = DEBUG;
				SWIFT_OPTIMIZATION_LEVEL = "-Onone";
			};
			name = Debug;
		};
		704E03DE282192F900CCAFFB /* Release */ = {
			isa = XCBuildConfiguration;
			buildSettings = {
				ALWAYS_SEARCH_USER_PATHS = NO;
				CLANG_ANALYZER_NONNULL = YES;
				CLANG_ANALYZER_NUMBER_OBJECT_CONVERSION = YES_AGGRESSIVE;
				CLANG_CXX_LANGUAGE_STANDARD = "gnu++17";
				CLANG_CXX_LIBRARY = "libc++";
				CLANG_ENABLE_MODULES = YES;
				CLANG_ENABLE_OBJC_ARC = YES;
				CLANG_ENABLE_OBJC_WEAK = YES;
				CLANG_WARN_BLOCK_CAPTURE_AUTORELEASING = YES;
				CLANG_WARN_BOOL_CONVERSION = YES;
				CLANG_WARN_COMMA = YES;
				CLANG_WARN_CONSTANT_CONVERSION = YES;
				CLANG_WARN_DEPRECATED_OBJC_IMPLEMENTATIONS = YES;
				CLANG_WARN_DIRECT_OBJC_ISA_USAGE = YES_ERROR;
				CLANG_WARN_DOCUMENTATION_COMMENTS = YES;
				CLANG_WARN_EMPTY_BODY = YES;
				CLANG_WARN_ENUM_CONVERSION = YES;
				CLANG_WARN_INFINITE_RECURSION = YES;
				CLANG_WARN_INT_CONVERSION = YES;
				CLANG_WARN_NON_LITERAL_NULL_CONVERSION = YES;
				CLANG_WARN_OBJC_IMPLICIT_RETAIN_SELF = YES;
				CLANG_WARN_OBJC_LITERAL_CONVERSION = YES;
				CLANG_WARN_OBJC_ROOT_CLASS = YES_ERROR;
				CLANG_WARN_QUOTED_INCLUDE_IN_FRAMEWORK_HEADER = YES;
				CLANG_WARN_RANGE_LOOP_ANALYSIS = YES;
				CLANG_WARN_STRICT_PROTOTYPES = YES;
				CLANG_WARN_SUSPICIOUS_MOVE = YES;
				CLANG_WARN_UNGUARDED_AVAILABILITY = YES_AGGRESSIVE;
				CLANG_WARN_UNREACHABLE_CODE = YES;
				CLANG_WARN__DUPLICATE_METHOD_MATCH = YES;
				COPY_PHASE_STRIP = NO;
				DEBUG_INFORMATION_FORMAT = "dwarf-with-dsym";
				ENABLE_NS_ASSERTIONS = NO;
				ENABLE_STRICT_OBJC_MSGSEND = YES;
				GCC_C_LANGUAGE_STANDARD = gnu11;
				GCC_NO_COMMON_BLOCKS = YES;
				GCC_WARN_64_TO_32_BIT_CONVERSION = YES;
				GCC_WARN_ABOUT_RETURN_TYPE = YES_ERROR;
				GCC_WARN_UNDECLARED_SELECTOR = YES;
				GCC_WARN_UNINITIALIZED_AUTOS = YES_AGGRESSIVE;
				GCC_WARN_UNUSED_FUNCTION = YES;
				GCC_WARN_UNUSED_VARIABLE = YES;
				IPHONEOS_DEPLOYMENT_TARGET = 15.2;
				MTL_ENABLE_DEBUG_INFO = NO;
				MTL_FAST_MATH = YES;
				SDKROOT = iphoneos;
				SWIFT_COMPILATION_MODE = wholemodule;
				SWIFT_OPTIMIZATION_LEVEL = "-O";
				VALIDATE_PRODUCT = YES;
			};
			name = Release;
		};
		704E03E0282192F900CCAFFB /* Debug */ = {
			isa = XCBuildConfiguration;
			buildSettings = {
				ASSETCATALOG_COMPILER_APPICON_NAME = AppIcon;
				ASSETCATALOG_COMPILER_GLOBAL_ACCENT_COLOR_NAME = AccentColor;
				CODE_SIGN_STYLE = Automatic;
				CURRENT_PROJECT_VERSION = 1;
				GENERATE_INFOPLIST_FILE = YES;
				INFOPLIST_FILE = InstagramFirestore/Info.plist;
				INFOPLIST_KEY_UIApplicationSupportsIndirectInputEvents = YES;
				INFOPLIST_KEY_UILaunchStoryboardName = LaunchScreen;
				INFOPLIST_KEY_UIMainStoryboardFile = Main;
				INFOPLIST_KEY_UISupportedInterfaceOrientations_iPad = "UIInterfaceOrientationPortrait UIInterfaceOrientationPortraitUpsideDown UIInterfaceOrientationLandscapeLeft UIInterfaceOrientationLandscapeRight";
				INFOPLIST_KEY_UISupportedInterfaceOrientations_iPhone = "UIInterfaceOrientationPortrait UIInterfaceOrientationLandscapeLeft UIInterfaceOrientationLandscapeRight";
				LD_RUNPATH_SEARCH_PATHS = (
					"$(inherited)",
					"@executable_path/Frameworks",
				);
				MARKETING_VERSION = 1.0;
				PRODUCT_BUNDLE_IDENTIFIER = com.muradnasibli.InstagramFirestore;
				PRODUCT_NAME = "$(TARGET_NAME)";
				SWIFT_EMIT_LOC_STRINGS = YES;
				SWIFT_VERSION = 5.0;
				TARGETED_DEVICE_FAMILY = "1,2";
			};
			name = Debug;
		};
		704E03E1282192F900CCAFFB /* Release */ = {
			isa = XCBuildConfiguration;
			buildSettings = {
				ASSETCATALOG_COMPILER_APPICON_NAME = AppIcon;
				ASSETCATALOG_COMPILER_GLOBAL_ACCENT_COLOR_NAME = AccentColor;
				CODE_SIGN_STYLE = Automatic;
				CURRENT_PROJECT_VERSION = 1;
				GENERATE_INFOPLIST_FILE = YES;
				INFOPLIST_FILE = InstagramFirestore/Info.plist;
				INFOPLIST_KEY_UIApplicationSupportsIndirectInputEvents = YES;
				INFOPLIST_KEY_UILaunchStoryboardName = LaunchScreen;
				INFOPLIST_KEY_UIMainStoryboardFile = Main;
				INFOPLIST_KEY_UISupportedInterfaceOrientations_iPad = "UIInterfaceOrientationPortrait UIInterfaceOrientationPortraitUpsideDown UIInterfaceOrientationLandscapeLeft UIInterfaceOrientationLandscapeRight";
				INFOPLIST_KEY_UISupportedInterfaceOrientations_iPhone = "UIInterfaceOrientationPortrait UIInterfaceOrientationLandscapeLeft UIInterfaceOrientationLandscapeRight";
				LD_RUNPATH_SEARCH_PATHS = (
					"$(inherited)",
					"@executable_path/Frameworks",
				);
				MARKETING_VERSION = 1.0;
				PRODUCT_BUNDLE_IDENTIFIER = com.muradnasibli.InstagramFirestore;
				PRODUCT_NAME = "$(TARGET_NAME)";
				SWIFT_EMIT_LOC_STRINGS = YES;
				SWIFT_VERSION = 5.0;
				TARGETED_DEVICE_FAMILY = "1,2";
			};
			name = Release;
		};
/* End XCBuildConfiguration section */

/* Begin XCConfigurationList section */
		704E03C6282192F800CCAFFB /* Build configuration list for PBXProject "InstagramFirestore" */ = {
			isa = XCConfigurationList;
			buildConfigurations = (
				704E03DD282192F900CCAFFB /* Debug */,
				704E03DE282192F900CCAFFB /* Release */,
			);
			defaultConfigurationIsVisible = 0;
			defaultConfigurationName = Release;
		};
		704E03DF282192F900CCAFFB /* Build configuration list for PBXNativeTarget "InstagramFirestore" */ = {
			isa = XCConfigurationList;
			buildConfigurations = (
				704E03E0282192F900CCAFFB /* Debug */,
				704E03E1282192F900CCAFFB /* Release */,
			);
			defaultConfigurationIsVisible = 0;
			defaultConfigurationName = Release;
		};
/* End XCConfigurationList section */
	};
	rootObject = 704E03C3282192F800CCAFFB /* Project object */;
}
